// !$*UTF8*$!
{
	archiveVersion = 1;
	classes = {
	};
	objectVersion = 46;
	objects = {

/* Begin PBXBuildFile section */
		A13800051D4F83C500D051AA /* AppDelegate.swift in Sources */ = {isa = PBXBuildFile; fileRef = A13800041D4F83C500D051AA /* AppDelegate.swift */; };
		A13800071D4F83C500D051AA /* ViewController.swift in Sources */ = {isa = PBXBuildFile; fileRef = A13800061D4F83C500D051AA /* ViewController.swift */; };
		A138000A1D4F83C500D051AA /* Main.storyboard in Resources */ = {isa = PBXBuildFile; fileRef = A13800081D4F83C500D051AA /* Main.storyboard */; };
		A138000D1D4F83C500D051AA /* Demo.xcdatamodeld in Sources */ = {isa = PBXBuildFile; fileRef = A138000B1D4F83C500D051AA /* Demo.xcdatamodeld */; };
		A138000F1D4F83C500D051AA /* Assets.xcassets in Resources */ = {isa = PBXBuildFile; fileRef = A138000E1D4F83C500D051AA /* Assets.xcassets */; };
		A13800121D4F83C500D051AA /* LaunchScreen.storyboard in Resources */ = {isa = PBXBuildFile; fileRef = A13800101D4F83C500D051AA /* LaunchScreen.storyboard */; };
/* End PBXBuildFile section */

/* Begin PBXFileReference section */
		A13800011D4F83C500D051AA /* Demo.app */ = {isa = PBXFileReference; explicitFileType = wrapper.application; includeInIndex = 0; path = Demo.app; sourceTree = BUILT_PRODUCTS_DIR; };
		A13800041D4F83C500D051AA /* AppDelegate.swift */ = {isa = PBXFileReference; lastKnownFileType = sourcecode.swift; path = AppDelegate.swift; sourceTree = "<group>"; };
		A13800061D4F83C500D051AA /* ViewController.swift */ = {isa = PBXFileReference; lastKnownFileType = sourcecode.swift; path = ViewController.swift; sourceTree = "<group>"; };
		A13800091D4F83C500D051AA /* Base */ = {isa = PBXFileReference; lastKnownFileType = file.storyboard; name = Base; path = Base.lproj/Main.storyboard; sourceTree = "<group>"; };
		A138000C1D4F83C500D051AA /* Demo.xcdatamodel */ = {isa = PBXFileReference; lastKnownFileType = wrapper.xcdatamodel; path = Demo.xcdatamodel; sourceTree = "<group>"; };
		A138000E1D4F83C500D051AA /* Assets.xcassets */ = {isa = PBXFileReference; lastKnownFileType = folder.assetcatalog; path = Assets.xcassets; sourceTree = "<group>"; };
		A13800111D4F83C500D051AA /* Base */ = {isa = PBXFileReference; lastKnownFileType = file.storyboard; name = Base; path = Base.lproj/LaunchScreen.storyboard; sourceTree = "<group>"; };
		A13800131D4F83C500D051AA /* Info.plist */ = {isa = PBXFileReference; lastKnownFileType = text.plist.xml; path = Info.plist; sourceTree = "<group>"; };
/* End PBXFileReference section */

/* Begin PBXFrameworksBuildPhase section */
		A138FFFE1D4F83C500D051AA /* Frameworks */ = {
			isa = PBXFrameworksBuildPhase;
			buildActionMask = 2147483647;
			files = (
			);
			runOnlyForDeploymentPostprocessing = 0;
		};
/* End PBXFrameworksBuildPhase section */

/* Begin PBXGroup section */
		A13800021D4F83C500D051AA /* Products */ = {
			isa = PBXGroup;
			children = (
				A13800011D4F83C500D051AA /* Demo.app */,
			);
			name = Products;
			sourceTree = "<group>";
		};
		A13800031D4F83C500D051AA /* Demo */ = {
			isa = PBXGroup;
			children = (
				A13800041D4F83C500D051AA /* AppDelegate.swift */,
				A13800061D4F83C500D051AA /* ViewController.swift */,
				A13800081D4F83C500D051AA /* Main.storyboard */,
				A138000E1D4F83C500D051AA /* Assets.xcassets */,
				A13800101D4F83C500D051AA /* LaunchScreen.storyboard */,
				A13800131D4F83C500D051AA /* Info.plist */,
				A138000B1D4F83C500D051AA /* Demo.xcdatamodeld */,
			);
			path = Demo;
			sourceTree = "<group>";
		};
		A138FFF81D4F83C500D051AA = {
			isa = PBXGroup;
			children = (
				A13800031D4F83C500D051AA /* Demo */,
				A13800021D4F83C500D051AA /* Products */,
			);
			sourceTree = "<group>";
		};
/* End PBXGroup section */

/* Begin PBXNativeTarget section */
		A13800001D4F83C500D051AA /* Demo */ = {
			isa = PBXNativeTarget;
			buildConfigurationList = A13800161D4F83C500D051AA /* Build configuration list for PBXNativeTarget "Demo" */;
			buildPhases = (
				A138FFFD1D4F83C500D051AA /* Sources */,
				A138FFFE1D4F83C500D051AA /* Frameworks */,
				A138FFFF1D4F83C500D051AA /* Resources */,
			);
			buildRules = (
			);
			dependencies = (
			);
			name = Demo;
			productName = Demo;
			productReference = A13800011D4F83C500D051AA /* Demo.app */;
			productType = "com.apple.product-type.application";
		};
/* End PBXNativeTarget section */

/* Begin PBXProject section */
		A138FFF91D4F83C500D051AA /* Project object */ = {
			isa = PBXProject;
			attributes = {
				LastSwiftUpdateCheck = 0730;
				LastUpgradeCheck = 0730;
				ORGANIZATIONNAME = "Kunal Gupta";
				TargetAttributes = {
					A13800001D4F83C500D051AA = {
						CreatedOnToolsVersion = 7.3;
					};
				};
			};
			buildConfigurationList = A138FFFC1D4F83C500D051AA /* Build configuration list for PBXProject "Demo" */;
			compatibilityVersion = "Xcode 3.2";
			developmentRegion = English;
			hasScannedForEncodings = 0;
			knownRegions = (
				en,
				Base,
			);
			mainGroup = A138FFF81D4F83C500D051AA;
			productRefGroup = A13800021D4F83C500D051AA /* Products */;
			projectDirPath = "";
			projectRoot = "";
			targets = (
				A13800001D4F83C500D051AA /* Demo */,
			);
		};
/* End PBXProject section */

/* Begin PBXResourcesBuildPhase section */
		A138FFFF1D4F83C500D051AA /* Resources */ = {
			isa = PBXResourcesBuildPhase;
			buildActionMask = 2147483647;
			files = (
				A13800121D4F83C500D051AA /* LaunchScreen.storyboard in Resources */,
				A138000F1D4F83C500D051AA /* Assets.xcassets in Resources */,
				A138000A1D4F83C500D051AA /* Main.storyboard in Resources */,
			);
			runOnlyForDeploymentPostprocessing = 0;
		};
/* End PBXResourcesBuildPhase section */

/* Begin PBXSourcesBuildPhase section */
		A138FFFD1D4F83C500D051AA /* Sources */ = {
			isa = PBXSourcesBuildPhase;
			buildActionMask = 2147483647;
			files = (
				A138000D1D4F83C500D051AA /* Demo.xcdatamodeld in Sources */,
				A13800071D4F83C500D051AA /* ViewController.swift in Sources */,
				A13800051D4F83C500D051AA /* AppDelegate.swift in Sources */,
			);
			runOnlyForDeploymentPostprocessing = 0;
		};
/* End PBXSourcesBuildPhase section */

/* Begin PBXVariantGroup section */
		A13800081D4F83C500D051AA /* Main.storyboard */ = {
			isa = PBXVariantGroup;
			children = (
				A13800091D4F83C500D051AA /* Base */,
			);
			name = Main.storyboard;
			sourceTree = "<group>";
		};
		A13800101D4F83C500D051AA /* LaunchScreen.storyboard */ = {
			isa = PBXVariantGroup;
			children = (
				A13800111D4F83C500D051AA /* Base */,
			);
			name = LaunchScreen.storyboard;
			sourceTree = "<group>";
		};
/* End PBXVariantGroup section */

/* Begin XCBuildConfiguration section */
		A13800141D4F83C500D051AA /* Debug */ = {
			isa = XCBuildConfiguration;
			buildSettings = {
				ALWAYS_SEARCH_USER_PATHS = NO;
				CLANG_ANALYZER_NONNULL = YES;
				CLANG_CXX_LANGUAGE_STANDARD = "gnu++0x";
				CLANG_CXX_LIBRARY = "libc++";
				CLANG_ENABLE_MODULES = YES;
				CLANG_ENABLE_OBJC_ARC = YES;
				CLANG_WARN_BOOL_CONVERSION = YES;
				CLANG_WARN_CONSTANT_CONVERSION = YES;
				CLANG_WARN_DIRECT_OBJC_ISA_USAGE = YES_ERROR;
				CLANG_WARN_EMPTY_BODY = YES;
				CLANG_WARN_ENUM_CONVERSION = YES;
				CLANG_WARN_INT_CONVERSION = YES;
				CLANG_WARN_OBJC_ROOT_CLASS = YES_ERROR;
				CLANG_WARN_UNREACHABLE_CODE = YES;
				CLANG_WARN__DUPLICATE_METHOD_MATCH = YES;
				"CODE_SIGN_IDENTITY[sdk=iphoneos*]" = "iPhone Developer";
				COPY_PHASE_STRIP = NO;
				DEBUG_INFORMATION_FORMAT = dwarf;
				ENABLE_STRICT_OBJC_MSGSEND = YES;
				ENABLE_TESTABILITY = YES;
				GCC_C_LANGUAGE_STANDARD = gnu99;
				GCC_DYNAMIC_NO_PIC = NO;
				GCC_NO_COMMON_BLOCKS = YES;
				GCC_OPTIMIZATION_LEVEL = 0;
				GCC_PREPROCESSOR_DEFINITIONS = (
					"DEBUG=1",
					"$(inherited)",
				);
				GCC_WARN_64_TO_32_BIT_CONVERSION = YES;
				GCC_WARN_ABOUT_RETURN_TYPE = YES_ERROR;
				GCC_WARN_UNDECLARED_SELECTOR = YES;
				GCC_WARN_UNINITIALIZED_AUTOS = YES_AGGRESSIVE;
				GCC_WARN_UNUSED_FUNCTION = YES;
				GCC_WARN_UNUSED_VARIABLE = YES;
				IPHONEOS_DEPLOYMENT_TARGET = 9.3;
				MTL_ENABLE_DEBUG_INFO = YES;
				ONLY_ACTIVE_ARCH = YES;
				SDKROOT = iphoneos;
				SWIFT_OPTIMIZATION_LEVEL = "-Onone";
				TARGETED_DEVICE_FAMILY = "1,2";
			};
			name = Debug;
		};
		A13800151D4F83C500D051AA /* Release */ = {
			isa = XCBuildConfiguration;
			buildSettings = {
				ALWAYS_SEARCH_USER_PATHS = NO;
				CLANG_ANALYZER_NONNULL = YES;
				CLANG_CXX_LANGUAGE_STANDARD = "gnu++0x";
				CLANG_CXX_LIBRARY = "libc++";
				CLANG_ENABLE_MODULES = YES;
				CLANG_ENABLE_OBJC_ARC = YES;
				CLANG_WARN_BOOL_CONVERSION = YES;
				CLANG_WARN_CONSTANT_CONVERSION = YES;
				CLANG_WARN_DIRECT_OBJC_ISA_USAGE = YES_ERROR;
				CLANG_WARN_EMPTY_BODY = YES;
				CLANG_WARN_ENUM_CONVERSION = YES;
				CLANG_WARN_INT_CONVERSION = YES;
				CLANG_WARN_OBJC_ROOT_CLASS = YES_ERROR;
				CLANG_WARN_UNREACHABLE_CODE = YES;
				CLANG_WARN__DUPLICATE_METHOD_MATCH = YES;
				"CODE_SIGN_IDENTITY[sdk=iphoneos*]" = "iPhone Developer";
				COPY_PHASE_STRIP = NO;
				DEBUG_INFORMATION_FORMAT = "dwarf-with-dsym";
				ENABLE_NS_ASSERTIONS = NO;
				ENABLE_STRICT_OBJC_MSGSEND = YES;
				GCC_C_LANGUAGE_STANDARD = gnu99;
				GCC_NO_COMMON_BLOCKS = YES;
				GCC_WARN_64_TO_32_BIT_CONVERSION = YES;
				GCC_WARN_ABOUT_RETURN_TYPE = YES_ERROR;
				GCC_WARN_UNDECLARED_SELECTOR = YES;
				GCC_WARN_UNINITIALIZED_AUTOS = YES_AGGRESSIVE;
				GCC_WARN_UNUSED_FUNCTION = YES;
				GCC_WARN_UNUSED_VARIABLE = YES;
				IPHONEOS_DEPLOYMENT_TARGET = 9.3;
				MTL_ENABLE_DEBUG_INFO = NO;
				SDKROOT = iphoneos;
				TARGETED_DEVICE_FAMILY = "1,2";
				VALIDATE_PRODUCT = YES;
			};
			name = Release;
		};
		A13800171D4F83C500D051AA /* Debug */ = {
			isa = XCBuildConfiguration;
			buildSettings = {
				ASSETCATALOG_COMPILER_APPICON_NAME = AppIcon;
				INFOPLIST_FILE = Demo/Info.plist;
				LD_RUNPATH_SEARCH_PATHS = "$(inherited) @executable_path/Frameworks";
				PRODUCT_BUNDLE_IDENTIFIER = "code-brew.Demo";
				PRODUCT_NAME = "$(TARGET_NAME)";
			};
			name = Debug;
		};
		A13800181D4F83C500D051AA /* Release */ = {
			isa = XCBuildConfiguration;
			buildSettings = {
				ASSETCATALOG_COMPILER_APPICON_NAME = AppIcon;
				INFOPLIST_FILE = Demo/Info.plist;
				LD_RUNPATH_SEARCH_PATHS = "$(inherited) @executable_path/Frameworks";
				PRODUCT_BUNDLE_IDENTIFIER = "code-brew.Demo";
				PRODUCT_NAME = "$(TARGET_NAME)";
			};
			name = Release;
		};
/* End XCBuildConfiguration section */

/* Begin XCConfigurationList section */
		A13800161D4F83C500D051AA /* Build configuration list for PBXNativeTarget "Demo" */ = {
			isa = XCConfigurationList;
			buildConfigurations = (
				A13800171D4F83C500D051AA /* Debug */,
				A13800181D4F83C500D051AA /* Release */,
			);
			defaultConfigurationIsVisible = 0;
		};
		A138FFFC1D4F83C500D051AA /* Build configuration list for PBXProject "Demo" */ = {
			isa = XCConfigurationList;
			buildConfigurations = (
				A13800141D4F83C500D051AA /* Debug */,
				A13800151D4F83C500D051AA /* Release */,
			);
			defaultConfigurationIsVisible = 0;
			defaultConfigurationName = Release;
		};
/* End XCConfigurationList section */

/* Begin XCVersionGroup section */
		A138000B1D4F83C500D051AA /* Demo.xcdatamodeld */ = {
			isa = XCVersionGroup;
			children = (
				A138000C1D4F83C500D051AA /* Demo.xcdatamodel */,
			);
			currentVersion = A138000C1D4F83C500D051AA /* Demo.xcdatamodel */;
			path = Demo.xcdatamodeld;
			sourceTree = "<group>";
			versionGroupType = wrapper.xcdatamodel;
		};
/* End XCVersionGroup section */
	};
	rootObject = A138FFF91D4F83C500D051AA /* Project object */;
}
